# @generated - this file is auto-generated by `mise lock` https://mise.jdx.dev/dev-tools/mise-lock.html

lockfile_version = 1

[[tools.claude]]
version = "2.1.295"
backend = "aqua:anthropics/claude-code"
specifiers = ["latest"]

[tools.claude."platforms.linux-arm64"]
checksum = "sha256:a22d704eca7f241476445dfeb001c1848c1ebb6251e583be3dccfbfb1a5fd4aa"
url = "https://github.com/anthropics/claude-code/releases/download/v2.1.295/claude-linux-arm64.tar.gz"
url_api = "https://api.github.com/repos/anthropics/claude-code/releases/assets/622630676"

[tools.claude."platforms.linux-arm64-musl"]
checksum = "sha256:ccc0a3e17361c4f7388398324607db8e806d53e172d7edaebf8a3f19245e46de"
url = "https://github.com/anthropics/claude-code/releases/download/v2.1.295/claude-linux-arm64-musl.tar.gz"
url_api = "https://api.github.com/repos/anthropics/claude-code/releases/assets/622630663"

[tools.claude."platforms.linux-x64"]
checksum = "sha256:cf9cfb714ded1f27c1d3b7fb274faef50d72312c4b14525a74659188f59bd8b1"
url = "https://github.com/anthropics/claude-code/releases/download/v2.1.295/claude-linux-x64.tar.gz"
url_api = "https://api.github.com/repos/anthropics/claude-code/releases/assets/622631007"

[tools.claude."platforms.linux-x64-musl"]
checksum = "sha256:19c025a716b96841a39c9dda3d8fafb83bff4895c659354018d165f1808fd8a7"
url = "https://github.com/anthropics/claude-code/releases/download/v2.1.295/claude-linux-x64-musl.tar.gz"
url_api = "https://api.github.com/repos/anthropics/claude-code/releases/assets/622630678"

[tools.claude."platforms.macos-arm64"]
checksum = "sha256:dfbbe96007c69d7bc8631c5f4d7596e960cb0962f8d13efea7d4239f4caa3917"
url = "https://github.com/anthropics/claude-code/releases/download/v2.1.295/claude-darwin-arm64.tar.gz"
url_api = "https://api.github.com/repos/anthropics/claude-code/releases/assets/622630668"

[tools.claude."platforms.macos-x64"]
checksum = "sha256:7b0ae32560b75062ea3a93b157d08defc406dbd1fb8a5ea59acdff5d169e8f31"
url = "https://github.com/anthropics/claude-code/releases/download/v2.1.295/claude-darwin-x64.tar.gz"
url_api = "https://api.github.com/repos/anthropics/claude-code/releases/assets/622630675"

[tools.claude."platforms.windows-x64"]
checksum = "sha256:3f8ce0f5dcf243d652f57c0ba3aa2da3bceda5c1cab819357c259954dc2fbf18"
url = "https://github.com/anthropics/claude-code/releases/download/v2.1.295/claude-win32-x64.zip"
url_api = "https://api.github.com/repos/anthropics/claude-code/releases/assets/622631050"
