# @generated - this file is auto-generated by `mise lock` https://mise.jdx.dev/dev-tools/mise-lock.html

[[tools."aqua:ogulcancelik/herdr"]]
version = "0.8.2"
backend = "aqua:ogulcancelik/herdr"

[tools."aqua:ogulcancelik/herdr"."platforms.linux-arm64"]
checksum = "sha256:f55610658e1c2e0d2aaef730b4b2ab885f7f8ba00285ab372bfb14f2e3d5b40d"
url = "https://github.com/herdrdev/herdr/releases/download/v0.8.2/herdr-linux-aarch64"
url_api = "https://api.github.com/repos/herdrdev/herdr/releases/assets/521169113"

[tools."aqua:ogulcancelik/herdr"."platforms.linux-arm64-musl"]
checksum = "sha256:f55610658e1c2e0d2aaef730b4b2ab885f7f8ba00285ab372bfb14f2e3d5b40d"
url = "https://github.com/herdrdev/herdr/releases/download/v0.8.2/herdr-linux-aarch64"
url_api = "https://api.github.com/repos/herdrdev/herdr/releases/assets/521169113"

[tools."aqua:ogulcancelik/herdr"."platforms.linux-x64"]
checksum = "sha256:976150a14d490c94b243ea2e1a7eb2dfb67f12e36b182db90936f6728e6aecf4"
url = "https://github.com/herdrdev/herdr/releases/download/v0.8.2/herdr-linux-x86_64"
url_api = "https://api.github.com/repos/herdrdev/herdr/releases/assets/521169107"

[tools."aqua:ogulcancelik/herdr"."platforms.linux-x64-baseline"]
checksum = "sha256:976150a14d490c94b243ea2e1a7eb2dfb67f12e36b182db90936f6728e6aecf4"
url = "https://github.com/herdrdev/herdr/releases/download/v0.8.2/herdr-linux-x86_64"
url_api = "https://api.github.com/repos/herdrdev/herdr/releases/assets/521169107"

[tools."aqua:ogulcancelik/herdr"."platforms.linux-x64-musl"]
checksum = "sha256:976150a14d490c94b243ea2e1a7eb2dfb67f12e36b182db90936f6728e6aecf4"
url = "https://github.com/herdrdev/herdr/releases/download/v0.8.2/herdr-linux-x86_64"
url_api = "https://api.github.com/repos/herdrdev/herdr/releases/assets/521169107"

[tools."aqua:ogulcancelik/herdr"."platforms.linux-x64-musl-baseline"]
checksum = "sha256:976150a14d490c94b243ea2e1a7eb2dfb67f12e36b182db90936f6728e6aecf4"
url = "https://github.com/herdrdev/herdr/releases/download/v0.8.2/herdr-linux-x86_64"
url_api = "https://api.github.com/repos/herdrdev/herdr/releases/assets/521169107"

[tools."aqua:ogulcancelik/herdr"."platforms.macos-arm64"]
checksum = "sha256:a5d4f4d504d8b309c91f811050559300faba31258425f53c50852fc96f6ae574"
url = "https://github.com/herdrdev/herdr/releases/download/v0.8.2/herdr-macos-aarch64"
url_api = "https://api.github.com/repos/herdrdev/herdr/releases/assets/521169108"

[tools."aqua:ogulcancelik/herdr"."platforms.macos-x64"]
checksum = "sha256:ab50262c8190cd7aa9056d249d255c08c328c3e8716de9cfa29db4f131b8e2c1"
url = "https://github.com/herdrdev/herdr/releases/download/v0.8.2/herdr-macos-x86_64"
url_api = "https://api.github.com/repos/herdrdev/herdr/releases/assets/521169110"

[tools."aqua:ogulcancelik/herdr"."platforms.macos-x64-baseline"]
checksum = "sha256:ab50262c8190cd7aa9056d249d255c08c328c3e8716de9cfa29db4f131b8e2c1"
url = "https://github.com/herdrdev/herdr/releases/download/v0.8.2/herdr-macos-x86_64"
url_api = "https://api.github.com/repos/herdrdev/herdr/releases/assets/521169110"

[[tools."aqua:realm/SwiftLint"]]
version = "0.65.0"
backend = "aqua:realm/SwiftLint"

[tools."aqua:realm/SwiftLint"."platforms.linux-arm64"]
checksum = "sha256:12d3b84bc5b69ae13a99a5a5c79904f9ce25867f099f6368d0037854f9ee6c26"
url = "https://github.com/realm/SwiftLint/releases/download/0.65.0/swiftlint_linux_arm64.zip"
url_api = "https://api.github.com/repos/realm/SwiftLint/releases/assets/459315166"

[tools."aqua:realm/SwiftLint"."platforms.linux-arm64-musl"]
checksum = "sha256:12d3b84bc5b69ae13a99a5a5c79904f9ce25867f099f6368d0037854f9ee6c26"
url = "https://github.com/realm/SwiftLint/releases/download/0.65.0/swiftlint_linux_arm64.zip"
url_api = "https://api.github.com/repos/realm/SwiftLint/releases/assets/459315166"

[tools."aqua:realm/SwiftLint"."platforms.linux-x64"]
checksum = "sha256:79306a34e5c7cc55a220cd108cbb861dcad5f10138dcdf261e2624ae8b0a486b"
url = "https://github.com/realm/SwiftLint/releases/download/0.65.0/swiftlint_linux_amd64.zip"
url_api = "https://api.github.com/repos/realm/SwiftLint/releases/assets/459315165"

[tools."aqua:realm/SwiftLint"."platforms.linux-x64-baseline"]
checksum = "sha256:79306a34e5c7cc55a220cd108cbb861dcad5f10138dcdf261e2624ae8b0a486b"
url = "https://github.com/realm/SwiftLint/releases/download/0.65.0/swiftlint_linux_amd64.zip"
url_api = "https://api.github.com/repos/realm/SwiftLint/releases/assets/459315165"

[tools."aqua:realm/SwiftLint"."platforms.linux-x64-musl"]
checksum = "sha256:79306a34e5c7cc55a220cd108cbb861dcad5f10138dcdf261e2624ae8b0a486b"
url = "https://github.com/realm/SwiftLint/releases/download/0.65.0/swiftlint_linux_amd64.zip"
url_api = "https://api.github.com/repos/realm/SwiftLint/releases/assets/459315165"

[tools."aqua:realm/SwiftLint"."platforms.linux-x64-musl-baseline"]
checksum = "sha256:79306a34e5c7cc55a220cd108cbb861dcad5f10138dcdf261e2624ae8b0a486b"
url = "https://github.com/realm/SwiftLint/releases/download/0.65.0/swiftlint_linux_amd64.zip"
url_api = "https://api.github.com/repos/realm/SwiftLint/releases/assets/459315165"

[tools."aqua:realm/SwiftLint"."platforms.macos-arm64"]
checksum = "sha256:d6cb0aa7a2f5f1ef306fc9e37bcb54dc9a26facc8f7784ac0c3dd3eccf5c6ba6"
url = "https://github.com/realm/SwiftLint/releases/download/0.65.0/portable_swiftlint.zip"
url_api = "https://api.github.com/repos/realm/SwiftLint/releases/assets/459315152"

[tools."aqua:realm/SwiftLint"."platforms.macos-x64"]
checksum = "sha256:d6cb0aa7a2f5f1ef306fc9e37bcb54dc9a26facc8f7784ac0c3dd3eccf5c6ba6"
url = "https://github.com/realm/SwiftLint/releases/download/0.65.0/portable_swiftlint.zip"
url_api = "https://api.github.com/repos/realm/SwiftLint/releases/assets/459315152"

[tools."aqua:realm/SwiftLint"."platforms.macos-x64-baseline"]
checksum = "sha256:d6cb0aa7a2f5f1ef306fc9e37bcb54dc9a26facc8f7784ac0c3dd3eccf5c6ba6"
url = "https://github.com/realm/SwiftLint/releases/download/0.65.0/portable_swiftlint.zip"
url_api = "https://api.github.com/repos/realm/SwiftLint/releases/assets/459315152"

[[tools."spm:nicklockwood/SwiftFormat"]]
version = "0.62.1"
backend = "spm:nicklockwood/SwiftFormat"

[tools."spm:nicklockwood/SwiftFormat"."platforms.macos-arm64"]
checksum = "sha256:6595f3121e657438a24dabd9f8fecb648d3f362e5106df0968f734f5863fe404"
url = "https://github.com/nicklockwood/SwiftFormat/releases/download/0.62.1/swiftformat.artifactbundle.zip"
url_api = "https://api.github.com/repos/nicklockwood/SwiftFormat/releases/assets/469280381"
