# @generated - this file is auto-generated by `mise lock` https://mise.jdx.dev/dev-tools/mise-lock.html

[[tools."aqua:apple/container"]]
version = "1.2.2"
backend = "aqua:apple/container"

[tools."aqua:apple/container"."platforms.macos-arm64"]
checksum = "sha256:f4c7e73f7203725a3512676dfd9ec6c6a98a37093b6fd4a1b0fdcfcb227e2118"
url = "https://github.com/apple/container/releases/download/1.2.2/container-1.2.2-installer-signed.pkg"
url_api = "https://api.github.com/repos/apple/container/releases/assets/505922768"

[[tools."aqua:ollama/ollama"]]
version = "0.32.14"
backend = "aqua:ollama/ollama"

[tools."aqua:ollama/ollama"."platforms.macos-arm64"]
checksum = "sha256:c7e8b91485943785bc6d295d96551e971ec94c6829d0d6b3500366942dc50cd1"
url = "https://github.com/ollama/ollama/releases/download/v0.32.14/ollama-darwin.tgz"
url_api = "https://api.github.com/repos/ollama/ollama/releases/assets/517039238"

[[tools."npm:remnote-mcp-server"]]
version = "0.17.0"
backend = "npm:remnote-mcp-server"

[[tools."pipx:beets"]]
version = "2.13.1"
backend = "pipx:beets"

[tools."pipx:beets".options]
extras = "chroma,embedart,fetchart,lastgenre,lyrics"
