# @generated - this file is auto-generated by `mise lock` https://mise.jdx.dev/dev-tools/mise-lock.html

lockfile_version = 1

[[tools.claude]]
version = "2.1.286"
backend = "aqua:anthropics/claude-code"
specifiers = ["latest"]

[tools.claude."platforms.linux-arm64"]
checksum = "sha256:8e37600d9a94d9706a6223801203515a38e5494d0baffd567c93a7c1a86608ab"
url = "https://github.com/anthropics/claude-code/releases/download/v2.1.286/claude-linux-arm64.tar.gz"
url_api = "https://api.github.com/repos/anthropics/claude-code/releases/assets/601418088"

[tools.claude."platforms.linux-arm64-musl"]
checksum = "sha256:5eeac0b56aa03179557b8b1bd333725fa286b214597420571fa78f3c7c2edf3a"
url = "https://github.com/anthropics/claude-code/releases/download/v2.1.286/claude-linux-arm64-musl.tar.gz"
url_api = "https://api.github.com/repos/anthropics/claude-code/releases/assets/601418083"

[tools.claude."platforms.linux-x64"]
checksum = "sha256:ce19bf64fa7e1bc27c1607a8119cc7167f926f363c85b0983a4516a505b330b3"
url = "https://github.com/anthropics/claude-code/releases/download/v2.1.286/claude-linux-x64.tar.gz"
url_api = "https://api.github.com/repos/anthropics/claude-code/releases/assets/601418217"

[tools.claude."platforms.linux-x64-musl"]
checksum = "sha256:9c250b8453ce0dfbd320ae1c9d23bacaacfdabee15553a3552b32ea06261155f"
url = "https://github.com/anthropics/claude-code/releases/download/v2.1.286/claude-linux-x64-musl.tar.gz"
url_api = "https://api.github.com/repos/anthropics/claude-code/releases/assets/601418081"

[tools.claude."platforms.macos-arm64"]
checksum = "sha256:0b0333f25613cf8ba8035f6c806abc45c72b2bdd4dc8ef59ce7582a2a0e76744"
url = "https://github.com/anthropics/claude-code/releases/download/v2.1.286/claude-darwin-arm64.tar.gz"
url_api = "https://api.github.com/repos/anthropics/claude-code/releases/assets/601418085"

[tools.claude."platforms.macos-x64"]
checksum = "sha256:9b4fd1e81fb2c37690eb00b332d0e24110f10b8e32824caa13245f873363db3c"
url = "https://github.com/anthropics/claude-code/releases/download/v2.1.286/claude-darwin-x64.tar.gz"
url_api = "https://api.github.com/repos/anthropics/claude-code/releases/assets/601418082"

[tools.claude."platforms.windows-x64"]
checksum = "sha256:489896222ee1bdbadaf809fd1ce3cbcb93a04e4be1c06e5c1766b5c363159a1c"
url = "https://github.com/anthropics/claude-code/releases/download/v2.1.286/claude-win32-x64.zip"
url_api = "https://api.github.com/repos/anthropics/claude-code/releases/assets/601418223"
