# @generated - this file is auto-generated by `mise lock` https://mise.jdx.dev/dev-tools/mise-lock.html

lockfile_version = 1

[[tools."aqua:apple/container"]]
version = "1.4.1"
backend = "aqua:apple/container"
specifiers = ["latest"]

[tools."aqua:apple/container"."platforms.macos-arm64"]
checksum = "sha256:c0d2716afefbb194c93fae662e9cae7cc186bcbcf746816608ec673dd648a6a4"
url = "https://github.com/apple/container/releases/download/1.4.1/container-1.4.1-installer-signed.pkg"
url_api = "https://api.github.com/repos/apple/container/releases/assets/551745110"

[[tools."pipx:beets"]]
version = "2.14.0"
backend = "pipx:beets"
specifiers = ["latest"]

[tools."pipx:beets".options]
extras = "chroma,embedart,fetchart,lastgenre,lyrics"
