# @generated - this file is auto-generated by `mise lock` https://mise.jdx.dev/dev-tools/mise-lock.html

lockfile_version = 1

[[tools."aqua:openai/codex"]]
version = "0.154.0"
backend = "aqua:openai/codex"
specifiers = ["latest"]

[tools."aqua:openai/codex"."platforms.linux-arm64"]
checksum = "sha256:97d93e11df72d3c26772db019e6ea8bb72c246500d46b98c760839f3240355e6"
url = "https://github.com/openai/codex/releases/download/rust-v0.154.0/codex-package-aarch64-unknown-linux-musl.tar.gz"
url_api = "https://api.github.com/repos/openai/codex/releases/assets/553706520"

[tools."aqua:openai/codex"."platforms.linux-arm64-musl"]
checksum = "sha256:97d93e11df72d3c26772db019e6ea8bb72c246500d46b98c760839f3240355e6"
url = "https://github.com/openai/codex/releases/download/rust-v0.154.0/codex-package-aarch64-unknown-linux-musl.tar.gz"
url_api = "https://api.github.com/repos/openai/codex/releases/assets/553706520"

[tools."aqua:openai/codex"."platforms.linux-x64"]
checksum = "sha256:fc6e3e3b85f2cf7d664520ee5c66a7fe4aa12bae7d46834f47e2f165fd0d6f78"
url = "https://github.com/openai/codex/releases/download/rust-v0.154.0/codex-package-x86_64-unknown-linux-musl.tar.gz"
url_api = "https://api.github.com/repos/openai/codex/releases/assets/553706441"

[tools."aqua:openai/codex"."platforms.linux-x64-musl"]
checksum = "sha256:fc6e3e3b85f2cf7d664520ee5c66a7fe4aa12bae7d46834f47e2f165fd0d6f78"
url = "https://github.com/openai/codex/releases/download/rust-v0.154.0/codex-package-x86_64-unknown-linux-musl.tar.gz"
url_api = "https://api.github.com/repos/openai/codex/releases/assets/553706441"

[tools."aqua:openai/codex"."platforms.macos-arm64"]
checksum = "sha256:427ca74c027049e0cd1a330d611e7f8d1fe0f1eb6a6d85ac16f61bcf2cb4a485"
url = "https://github.com/openai/codex/releases/download/rust-v0.154.0/codex-package-aarch64-apple-darwin.tar.gz"
url_api = "https://api.github.com/repos/openai/codex/releases/assets/553706558"

[tools."aqua:openai/codex"."platforms.macos-x64"]
checksum = "sha256:8052c6accbe0361bfbd424a10aa5f2226636ed8afb6dcbd5e6437993e57b16d8"
url = "https://github.com/openai/codex/releases/download/rust-v0.154.0/codex-package-x86_64-apple-darwin.tar.gz"
url_api = "https://api.github.com/repos/openai/codex/releases/assets/553706471"

[tools."aqua:openai/codex"."platforms.windows-x64"]
checksum = "sha256:94cc5b3632769504c809f6c0364b693c0dfddc5c30c8361095d2263a07ac45a4"
url = "https://github.com/openai/codex/releases/download/rust-v0.154.0/codex-package-x86_64-pc-windows-msvc.tar.gz"
url_api = "https://api.github.com/repos/openai/codex/releases/assets/553706571"

[[tools."github:can1357/oh-my-pi"]]
version = "18.1.17"
backend = "github:can1357/oh-my-pi"
specifiers = ["latest"]

[tools."github:can1357/oh-my-pi"."platforms.linux-arm64"]
checksum = "sha256:58ab1b8f75d202cf3767e19901c834d2435898a189d5993be6d5cae6736716e1"
url = "https://github.com/can1357/oh-my-pi/releases/download/v18.1.17/omp-linux-arm64"
url_api = "https://api.github.com/repos/can1357/oh-my-pi/releases/assets/555681812"

[tools."github:can1357/oh-my-pi"."platforms.linux-arm64-musl"]
checksum = "sha256:304b95000209425f4294a8ee0ca8214c69275dec5e8295c080bcb4aeae28b68e"
url = "https://github.com/can1357/oh-my-pi/releases/download/v18.1.17/omp-linux-musl-arm64"
url_api = "https://api.github.com/repos/can1357/oh-my-pi/releases/assets/555681808"

[tools."github:can1357/oh-my-pi"."platforms.linux-x64"]
checksum = "sha256:040c254ddeb30f6d592be67d1469dc67fcac14e933fa04dbf690f42820ffd820"
url = "https://github.com/can1357/oh-my-pi/releases/download/v18.1.17/omp-linux-x64"
url_api = "https://api.github.com/repos/can1357/oh-my-pi/releases/assets/555681800"

[tools."github:can1357/oh-my-pi"."platforms.linux-x64-musl"]
checksum = "sha256:6f8db6439b9a5c5eb9b7b6257d7de648034e9178322fac15d0abda6ad0940134"
url = "https://github.com/can1357/oh-my-pi/releases/download/v18.1.17/omp-linux-musl-x64"
url_api = "https://api.github.com/repos/can1357/oh-my-pi/releases/assets/555681819"

[tools."github:can1357/oh-my-pi"."platforms.macos-arm64"]
checksum = "sha256:1c310974d4be8de4e5b7285e9c52647321b412c219790fe0243cf804d5c9d5cc"
url = "https://github.com/can1357/oh-my-pi/releases/download/v18.1.17/omp-darwin-arm64"
url_api = "https://api.github.com/repos/can1357/oh-my-pi/releases/assets/555681811"

[tools."github:can1357/oh-my-pi"."platforms.macos-x64"]
checksum = "sha256:6299ea1c91ebe80de07b98280bb45c7b8df7892a20ecf4f819cf660ca7e7cee0"
url = "https://github.com/can1357/oh-my-pi/releases/download/v18.1.17/omp-darwin-x64"
url_api = "https://api.github.com/repos/can1357/oh-my-pi/releases/assets/555681813"

[tools."github:can1357/oh-my-pi"."platforms.windows-x64"]
checksum = "sha256:5af22031e2f417b8cbbb09d248a8d5116c929df4fbbd0a1ad21dc1c88b9235dd"
url = "https://github.com/can1357/oh-my-pi/releases/download/v18.1.17/omp-windows-x64.exe"
url_api = "https://api.github.com/repos/can1357/oh-my-pi/releases/assets/555681802"

[[tools."github:pmdroid/acpbot"]]
version = "0.4.0"
backend = "github:pmdroid/acpbot"
specifiers = ["latest"]

[tools."github:pmdroid/acpbot"."platforms.linux-arm64"]
checksum = "sha256:7b2d40915af20f096bb07a308280aa993d368f38aa16f84b7368f0f7cf487dc1"
url = "https://github.com/pmdroid/acpbot/releases/download/v0.4.0/acpbot-v0.4.0-linux-arm64.tar.gz"
url_api = "https://api.github.com/repos/pmdroid/acpbot/releases/assets/543819188"

[tools."github:pmdroid/acpbot"."platforms.linux-arm64-musl"]
checksum = "sha256:7b2d40915af20f096bb07a308280aa993d368f38aa16f84b7368f0f7cf487dc1"
url = "https://github.com/pmdroid/acpbot/releases/download/v0.4.0/acpbot-v0.4.0-linux-arm64.tar.gz"
url_api = "https://api.github.com/repos/pmdroid/acpbot/releases/assets/543819188"

[tools."github:pmdroid/acpbot"."platforms.linux-x64"]
checksum = "sha256:940c181d1c3a89e1ad6780887d21fe9a8fdd684aa22d1101d6920d3ce86eba65"
url = "https://github.com/pmdroid/acpbot/releases/download/v0.4.0/acpbot-v0.4.0-linux-x64.tar.gz"
url_api = "https://api.github.com/repos/pmdroid/acpbot/releases/assets/543819186"

[tools."github:pmdroid/acpbot"."platforms.linux-x64-musl"]
checksum = "sha256:940c181d1c3a89e1ad6780887d21fe9a8fdd684aa22d1101d6920d3ce86eba65"
url = "https://github.com/pmdroid/acpbot/releases/download/v0.4.0/acpbot-v0.4.0-linux-x64.tar.gz"
url_api = "https://api.github.com/repos/pmdroid/acpbot/releases/assets/543819186"

[tools."github:pmdroid/acpbot"."platforms.macos-arm64"]
checksum = "sha256:cab3a8c6e9247f03f92c4522b69c87b152214a75b63adc3292fae7945841226c"
url = "https://github.com/pmdroid/acpbot/releases/download/v0.4.0/acpbot-v0.4.0-darwin-arm64.tar.gz"
url_api = "https://api.github.com/repos/pmdroid/acpbot/releases/assets/543814085"

[tools."github:pmdroid/acpbot"."platforms.macos-x64"]
checksum = "sha256:84c0e85c6c17408c51ac7f6a414f44e22eda61cc5687be05ac5ae52cacfd06a9"
url = "https://github.com/pmdroid/acpbot/releases/download/v0.4.0/acpbot-v0.4.0-darwin-x64.tar.gz"
url_api = "https://api.github.com/repos/pmdroid/acpbot/releases/assets/543814083"

[[tools.pi]]
version = "0.85.1"
backend = "aqua:earendil-works/pi"
specifiers = ["latest"]

[tools.pi."platforms.linux-arm64"]
checksum = "sha256:042d20ae885ee4f3b102815f3280b962c377b2e9fb44de4037908cc530eae4d4"
url = "https://github.com/earendil-works/pi/releases/download/v0.85.1/pi-linux-arm64.tar.gz"
url_api = "https://api.github.com/repos/earendil-works/pi/releases/assets/545797549"

[tools.pi."platforms.linux-arm64-musl"]
checksum = "sha256:042d20ae885ee4f3b102815f3280b962c377b2e9fb44de4037908cc530eae4d4"
url = "https://github.com/earendil-works/pi/releases/download/v0.85.1/pi-linux-arm64.tar.gz"
url_api = "https://api.github.com/repos/earendil-works/pi/releases/assets/545797549"

[tools.pi."platforms.linux-x64"]
checksum = "sha256:494e498f47d74d21f40b3386f6a5e921a3d49531a169cab55bbdaca0ea1fe25a"
url = "https://github.com/earendil-works/pi/releases/download/v0.85.1/pi-linux-x64.tar.gz"
url_api = "https://api.github.com/repos/earendil-works/pi/releases/assets/545797547"

[tools.pi."platforms.linux-x64-musl"]
checksum = "sha256:494e498f47d74d21f40b3386f6a5e921a3d49531a169cab55bbdaca0ea1fe25a"
url = "https://github.com/earendil-works/pi/releases/download/v0.85.1/pi-linux-x64.tar.gz"
url_api = "https://api.github.com/repos/earendil-works/pi/releases/assets/545797547"

[tools.pi."platforms.macos-arm64"]
checksum = "sha256:d5f70e3c0cf7398eac239fd0261ee074d98b7ba7f6b43fe3617f052ed5b79d06"
url = "https://github.com/earendil-works/pi/releases/download/v0.85.1/pi-darwin-arm64.tar.gz"
url_api = "https://api.github.com/repos/earendil-works/pi/releases/assets/545797550"

[tools.pi."platforms.macos-x64"]
checksum = "sha256:adb918b845625f184d8bea408d55eacaf21aa87238793c0f5b4f3b9737bce62b"
url = "https://github.com/earendil-works/pi/releases/download/v0.85.1/pi-darwin-x64.tar.gz"
url_api = "https://api.github.com/repos/earendil-works/pi/releases/assets/545797548"

[tools.pi."platforms.windows-x64"]
checksum = "sha256:002fa95b90d521245b9985d8f168caebc237ad56e7e30b319807dee1b2e17e1c"
url = "https://github.com/earendil-works/pi/releases/download/v0.85.1/pi-windows-x64.zip"
url_api = "https://api.github.com/repos/earendil-works/pi/releases/assets/545797560"

[[tools.yt-dlp]]
version = "2026.08.19"
backend = "github:yt-dlp/yt-dlp"
specifiers = ["latest"]

[tools.yt-dlp."platforms.linux-arm64"]
checksum = "sha256:4e27ad43f3a34bacffd078694eb3edbb4e3b378e7da44edab2be02e98555516e"
url = "https://github.com/yt-dlp/yt-dlp/releases/download/2026.08.19/yt-dlp_linux_aarch64.zip"
url_api = "https://api.github.com/repos/yt-dlp/yt-dlp/releases/assets/521488873"
provenance = "github-attestations"

[tools.yt-dlp."platforms.linux-arm64-musl"]
checksum = "sha256:46087f4965f48612d056c6e4b00a0898e8230ba90d709a0a751c7cc5735a1da3"
url = "https://github.com/yt-dlp/yt-dlp/releases/download/2026.08.19/yt-dlp_musllinux_aarch64.zip"
url_api = "https://api.github.com/repos/yt-dlp/yt-dlp/releases/assets/521488908"
provenance = "github-attestations"

[tools.yt-dlp."platforms.linux-x64"]
checksum = "sha256:32e72032766bef9199d99d15beb69fd52e46df8f8b06f0d8745db59e04d339e9"
url = "https://github.com/yt-dlp/yt-dlp/releases/download/2026.08.19/yt-dlp_linux.zip"
url_api = "https://api.github.com/repos/yt-dlp/yt-dlp/releases/assets/521488862"
provenance = "github-attestations"

[tools.yt-dlp."platforms.linux-x64-musl"]
checksum = "sha256:a8a9761628be455368db73ab54a2858da22342084f300f7e0d50bdcbef2acf82"
url = "https://github.com/yt-dlp/yt-dlp/releases/download/2026.08.19/yt-dlp_musllinux.zip"
url_api = "https://api.github.com/repos/yt-dlp/yt-dlp/releases/assets/521488901"
provenance = "github-attestations"

[tools.yt-dlp."platforms.macos-arm64"]
checksum = "sha256:07e54b0865303c864006925913bce2604f8ee8cc6f18699bac9c309f9328a6d8"
url = "https://github.com/yt-dlp/yt-dlp/releases/download/2026.08.19/yt-dlp_macos.zip"
url_api = "https://api.github.com/repos/yt-dlp/yt-dlp/releases/assets/521488891"
provenance = "github-attestations"
provenance_verified = true

[tools.yt-dlp."platforms.macos-x64"]
checksum = "sha256:07e54b0865303c864006925913bce2604f8ee8cc6f18699bac9c309f9328a6d8"
url = "https://github.com/yt-dlp/yt-dlp/releases/download/2026.08.19/yt-dlp_macos.zip"
url_api = "https://api.github.com/repos/yt-dlp/yt-dlp/releases/assets/521488891"
provenance = "github-attestations"

[tools.yt-dlp."platforms.windows-x64"]
checksum = "sha256:dc7c11f014af67f23d9fd989868048abedbce01709ff642a29eb3f7578b802f7"
url = "https://github.com/yt-dlp/yt-dlp/releases/download/2026.08.19/yt-dlp_win_x86.zip"
url_api = "https://api.github.com/repos/yt-dlp/yt-dlp/releases/assets/521488967"
provenance = "github-attestations"
