# @generated - this file is auto-generated by `mise lock` https://mise.jdx.dev/dev-tools/mise-lock.html

lockfile_version = 1

[[tools."aqua:ogulcancelik/herdr"]]
version = "0.8.2"
backend = "aqua:ogulcancelik/herdr"
specifiers = ["latest"]

[tools."aqua:ogulcancelik/herdr"."platforms.linux-arm64"]
checksum = "sha256:f55610658e1c2e0d2aaef730b4b2ab885f7f8ba00285ab372bfb14f2e3d5b40d"
url = "https://github.com/herdrdev/herdr/releases/download/v0.8.2/herdr-linux-aarch64"
url_api = "https://api.github.com/repos/herdrdev/herdr/releases/assets/521169113"

[tools."aqua:ogulcancelik/herdr"."platforms.linux-arm64-musl"]
checksum = "sha256:f55610658e1c2e0d2aaef730b4b2ab885f7f8ba00285ab372bfb14f2e3d5b40d"
url = "https://github.com/herdrdev/herdr/releases/download/v0.8.2/herdr-linux-aarch64"
url_api = "https://api.github.com/repos/herdrdev/herdr/releases/assets/521169113"

[tools."aqua:ogulcancelik/herdr"."platforms.linux-x64"]
checksum = "sha256:976150a14d490c94b243ea2e1a7eb2dfb67f12e36b182db90936f6728e6aecf4"
url = "https://github.com/herdrdev/herdr/releases/download/v0.8.2/herdr-linux-x86_64"
url_api = "https://api.github.com/repos/herdrdev/herdr/releases/assets/521169107"

[tools."aqua:ogulcancelik/herdr"."platforms.linux-x64-baseline"]
checksum = "sha256:976150a14d490c94b243ea2e1a7eb2dfb67f12e36b182db90936f6728e6aecf4"
url = "https://github.com/herdrdev/herdr/releases/download/v0.8.2/herdr-linux-x86_64"
url_api = "https://api.github.com/repos/herdrdev/herdr/releases/assets/521169107"

[tools."aqua:ogulcancelik/herdr"."platforms.linux-x64-musl"]
checksum = "sha256:976150a14d490c94b243ea2e1a7eb2dfb67f12e36b182db90936f6728e6aecf4"
url = "https://github.com/herdrdev/herdr/releases/download/v0.8.2/herdr-linux-x86_64"
url_api = "https://api.github.com/repos/herdrdev/herdr/releases/assets/521169107"

[tools."aqua:ogulcancelik/herdr"."platforms.linux-x64-musl-baseline"]
checksum = "sha256:976150a14d490c94b243ea2e1a7eb2dfb67f12e36b182db90936f6728e6aecf4"
url = "https://github.com/herdrdev/herdr/releases/download/v0.8.2/herdr-linux-x86_64"
url_api = "https://api.github.com/repos/herdrdev/herdr/releases/assets/521169107"

[tools."aqua:ogulcancelik/herdr"."platforms.macos-arm64"]
checksum = "sha256:a5d4f4d504d8b309c91f811050559300faba31258425f53c50852fc96f6ae574"
url = "https://github.com/herdrdev/herdr/releases/download/v0.8.2/herdr-macos-aarch64"
url_api = "https://api.github.com/repos/herdrdev/herdr/releases/assets/521169108"

[tools."aqua:ogulcancelik/herdr"."platforms.macos-x64"]
checksum = "sha256:ab50262c8190cd7aa9056d249d255c08c328c3e8716de9cfa29db4f131b8e2c1"
url = "https://github.com/herdrdev/herdr/releases/download/v0.8.2/herdr-macos-x86_64"
url_api = "https://api.github.com/repos/herdrdev/herdr/releases/assets/521169110"

[tools."aqua:ogulcancelik/herdr"."platforms.macos-x64-baseline"]
checksum = "sha256:ab50262c8190cd7aa9056d249d255c08c328c3e8716de9cfa29db4f131b8e2c1"
url = "https://github.com/herdrdev/herdr/releases/download/v0.8.2/herdr-macos-x86_64"
url_api = "https://api.github.com/repos/herdrdev/herdr/releases/assets/521169110"

[[tools."aqua:realm/SwiftLint"]]
version = "0.65.1"
backend = "aqua:realm/SwiftLint"
specifiers = ["latest"]

[tools."aqua:realm/SwiftLint"."platforms.linux-arm64"]
checksum = "sha256:9ffa52f478e6d8eb485d37d14715ffac90abc81c58f3370d598bf75be05605f8"
url = "https://github.com/realm/SwiftLint/releases/download/0.65.1/swiftlint_linux_arm64.zip"
url_api = "https://api.github.com/repos/realm/SwiftLint/releases/assets/524187588"

[tools."aqua:realm/SwiftLint"."platforms.linux-arm64-musl"]
checksum = "sha256:9ffa52f478e6d8eb485d37d14715ffac90abc81c58f3370d598bf75be05605f8"
url = "https://github.com/realm/SwiftLint/releases/download/0.65.1/swiftlint_linux_arm64.zip"
url_api = "https://api.github.com/repos/realm/SwiftLint/releases/assets/524187588"

[tools."aqua:realm/SwiftLint"."platforms.linux-x64"]
checksum = "sha256:caeed6f4a679c35539ffaf124f6c4ab4a8416917f7d8796279dc52b74026059d"
url = "https://github.com/realm/SwiftLint/releases/download/0.65.1/swiftlint_linux_amd64.zip"
url_api = "https://api.github.com/repos/realm/SwiftLint/releases/assets/524187586"

[tools."aqua:realm/SwiftLint"."platforms.linux-x64-baseline"]
checksum = "sha256:caeed6f4a679c35539ffaf124f6c4ab4a8416917f7d8796279dc52b74026059d"
url = "https://github.com/realm/SwiftLint/releases/download/0.65.1/swiftlint_linux_amd64.zip"
url_api = "https://api.github.com/repos/realm/SwiftLint/releases/assets/524187586"

[tools."aqua:realm/SwiftLint"."platforms.linux-x64-musl"]
checksum = "sha256:caeed6f4a679c35539ffaf124f6c4ab4a8416917f7d8796279dc52b74026059d"
url = "https://github.com/realm/SwiftLint/releases/download/0.65.1/swiftlint_linux_amd64.zip"
url_api = "https://api.github.com/repos/realm/SwiftLint/releases/assets/524187586"

[tools."aqua:realm/SwiftLint"."platforms.linux-x64-musl-baseline"]
checksum = "sha256:caeed6f4a679c35539ffaf124f6c4ab4a8416917f7d8796279dc52b74026059d"
url = "https://github.com/realm/SwiftLint/releases/download/0.65.1/swiftlint_linux_amd64.zip"
url_api = "https://api.github.com/repos/realm/SwiftLint/releases/assets/524187586"

[tools."aqua:realm/SwiftLint"."platforms.macos-arm64"]
checksum = "sha256:c1e429b0599cf1b516f369a2d9ec04eaf0e436f3c12b637df8851fa52ff694d0"
url = "https://github.com/realm/SwiftLint/releases/download/0.65.1/portable_swiftlint.zip"
url_api = "https://api.github.com/repos/realm/SwiftLint/releases/assets/524187565"

[tools."aqua:realm/SwiftLint"."platforms.macos-x64"]
checksum = "sha256:c1e429b0599cf1b516f369a2d9ec04eaf0e436f3c12b637df8851fa52ff694d0"
url = "https://github.com/realm/SwiftLint/releases/download/0.65.1/portable_swiftlint.zip"
url_api = "https://api.github.com/repos/realm/SwiftLint/releases/assets/524187565"

[tools."aqua:realm/SwiftLint"."platforms.macos-x64-baseline"]
checksum = "sha256:c1e429b0599cf1b516f369a2d9ec04eaf0e436f3c12b637df8851fa52ff694d0"
url = "https://github.com/realm/SwiftLint/releases/download/0.65.1/portable_swiftlint.zip"
url_api = "https://api.github.com/repos/realm/SwiftLint/releases/assets/524187565"

[[tools."spm:nicklockwood/SwiftFormat"]]
version = "0.63.0"
backend = "spm:nicklockwood/SwiftFormat"
specifiers = ["latest"]

[tools."spm:nicklockwood/SwiftFormat"."platforms.macos-arm64"]
checksum = "sha256:d3c350a6655c0f687e2c23aac3e777b35345313a6428bb36b915fe7d9840ec78"
url = "https://github.com/nicklockwood/SwiftFormat/releases/download/0.63.0/swiftformat.artifactbundle.zip"
url_api = "https://api.github.com/repos/nicklockwood/SwiftFormat/releases/assets/536986439"
