# @generated - this file is auto-generated by `mise lock` https://mise.jdx.dev/dev-tools/mise-lock.html

lockfile_version = 1

[[tools.pi]]
version = "0.99.2"
backend = "aqua:earendil-works/pi"
specifiers = ["latest"]

[tools.pi."platforms.linux-arm64"]
checksum = "sha256:61fc3cd9a854cabb8554e353ff324701c952d2fdd0b1a96aa16ac44cf5357360"
url = "https://github.com/earendil-works/pi/releases/download/v0.99.2/pi-linux-arm64.tar.gz"
url_api = "https://api.github.com/repos/earendil-works/pi/releases/assets/601628126"

[tools.pi."platforms.linux-arm64-musl"]
checksum = "sha256:61fc3cd9a854cabb8554e353ff324701c952d2fdd0b1a96aa16ac44cf5357360"
url = "https://github.com/earendil-works/pi/releases/download/v0.99.2/pi-linux-arm64.tar.gz"
url_api = "https://api.github.com/repos/earendil-works/pi/releases/assets/601628126"

[tools.pi."platforms.linux-x64"]
checksum = "sha256:f998cc1232733eab240526d74acdce429d650b9e01f5804636d7aa96eb629846"
url = "https://github.com/earendil-works/pi/releases/download/v0.99.2/pi-linux-x64.tar.gz"
url_api = "https://api.github.com/repos/earendil-works/pi/releases/assets/601628119"

[tools.pi."platforms.linux-x64-musl"]
checksum = "sha256:f998cc1232733eab240526d74acdce429d650b9e01f5804636d7aa96eb629846"
url = "https://github.com/earendil-works/pi/releases/download/v0.99.2/pi-linux-x64.tar.gz"
url_api = "https://api.github.com/repos/earendil-works/pi/releases/assets/601628119"

[tools.pi."platforms.macos-arm64"]
checksum = "sha256:564707a7378dae4cce29d92693b45b49d3a3a25187dddcc6d8c2e4aca4fb3719"
url = "https://github.com/earendil-works/pi/releases/download/v0.99.2/pi-darwin-arm64.tar.gz"
url_api = "https://api.github.com/repos/earendil-works/pi/releases/assets/601628127"

[tools.pi."platforms.macos-x64"]
checksum = "sha256:afa8bda5c77b7ae1a14afe2c7a206925e89ea703a8479b4b7a743b1b52c0fd90"
url = "https://github.com/earendil-works/pi/releases/download/v0.99.2/pi-darwin-x64.tar.gz"
url_api = "https://api.github.com/repos/earendil-works/pi/releases/assets/601628125"

[tools.pi."platforms.windows-x64"]
checksum = "sha256:6f0bd9869d5cf45d5adde79ebedb54357e0c26cb4c64bd4a256f7ae548995f22"
url = "https://github.com/earendil-works/pi/releases/download/v0.99.2/pi-windows-x64.zip"
url_api = "https://api.github.com/repos/earendil-works/pi/releases/assets/601628165"
