# @generated - this file is auto-generated by `mise lock` https://mise.jdx.dev/dev-tools/mise-lock.html

lockfile_version = 1

[[tools.hey-cli]]
version = "1.7.0"
backend = "github:basecamp/hey-cli"
specifiers = ["latest"]

[tools.hey-cli."platforms.linux-arm64"]
checksum = "sha256:e401158ecb4c9e4f0050a843988cc7abecabccb5aff030e7d25267b5fee69198"
url = "https://github.com/basecamp/hey-cli/releases/download/v1.7.0/hey_1.7.0_linux_arm64.tar.gz"
url_api = "https://api.github.com/repos/basecamp/hey-cli/releases/assets/589205828"
provenance = "github-attestations"

[tools.hey-cli."platforms.linux-arm64-musl"]
checksum = "sha256:e401158ecb4c9e4f0050a843988cc7abecabccb5aff030e7d25267b5fee69198"
url = "https://github.com/basecamp/hey-cli/releases/download/v1.7.0/hey_1.7.0_linux_arm64.tar.gz"
url_api = "https://api.github.com/repos/basecamp/hey-cli/releases/assets/589205828"
provenance = "github-attestations"

[tools.hey-cli."platforms.linux-x64"]
checksum = "sha256:4543bb2a1122d3e7be05f889e27e0fc50631f397f8ec4c015d404aae9abe03b9"
url = "https://github.com/basecamp/hey-cli/releases/download/v1.7.0/hey_1.7.0_linux_amd64.tar.gz"
url_api = "https://api.github.com/repos/basecamp/hey-cli/releases/assets/589205818"
provenance = "github-attestations"

[tools.hey-cli."platforms.linux-x64-musl"]
checksum = "sha256:4543bb2a1122d3e7be05f889e27e0fc50631f397f8ec4c015d404aae9abe03b9"
url = "https://github.com/basecamp/hey-cli/releases/download/v1.7.0/hey_1.7.0_linux_amd64.tar.gz"
url_api = "https://api.github.com/repos/basecamp/hey-cli/releases/assets/589205818"
provenance = "github-attestations"

[tools.hey-cli."platforms.macos-arm64"]
checksum = "sha256:ae413e624a10c096b5ea18fdf5b7bdfeedaf16fa9b016ea4fdb60ff4c4d97782"
url = "https://github.com/basecamp/hey-cli/releases/download/v1.7.0/hey_1.7.0_darwin_arm64.tar.gz"
url_api = "https://api.github.com/repos/basecamp/hey-cli/releases/assets/589205830"
provenance = "github-attestations"

[tools.hey-cli."platforms.macos-x64"]
checksum = "sha256:95d42182d45e9ba81fb74787b15fab1467ec69afee7606163760ea8acce4fd01"
url = "https://github.com/basecamp/hey-cli/releases/download/v1.7.0/hey_1.7.0_darwin_amd64.tar.gz"
url_api = "https://api.github.com/repos/basecamp/hey-cli/releases/assets/589205773"
provenance = "github-attestations"

[tools.hey-cli."platforms.windows-x64"]
checksum = "sha256:c35792621647dc14a81b6e08df10836ae21cafd165b823b6d00d67d3218f9c43"
url = "https://github.com/basecamp/hey-cli/releases/download/v1.7.0/hey_1.7.0_windows_amd64.zip"
url_api = "https://api.github.com/repos/basecamp/hey-cli/releases/assets/589205775"
provenance = "github-attestations"

[[tools.jj]]
version = "0.46.0"
backend = "aqua:jj-vcs/jj"
specifiers = ["latest"]

[tools.jj."platforms.linux-arm64"]
checksum = "sha256:80e28f7501c11e50e0ca06cd6a1fa1d982cff9cc59bfe4411a9d36aa501d867e"
url = "https://github.com/jj-vcs/jj/releases/download/v0.46.0/jj-v0.46.0-aarch64-unknown-linux-musl.tar.gz"
url_api = "https://api.github.com/repos/jj-vcs/jj/releases/assets/619871804"

[tools.jj."platforms.linux-arm64-musl"]
checksum = "sha256:80e28f7501c11e50e0ca06cd6a1fa1d982cff9cc59bfe4411a9d36aa501d867e"
url = "https://github.com/jj-vcs/jj/releases/download/v0.46.0/jj-v0.46.0-aarch64-unknown-linux-musl.tar.gz"
url_api = "https://api.github.com/repos/jj-vcs/jj/releases/assets/619871804"

[tools.jj."platforms.linux-x64"]
checksum = "sha256:fce0271158e665ceb82dc66c5eb95b1728649094e9133074f3b5baece345fc08"
url = "https://github.com/jj-vcs/jj/releases/download/v0.46.0/jj-v0.46.0-x86_64-unknown-linux-musl.tar.gz"
url_api = "https://api.github.com/repos/jj-vcs/jj/releases/assets/619869961"

[tools.jj."platforms.linux-x64-musl"]
checksum = "sha256:fce0271158e665ceb82dc66c5eb95b1728649094e9133074f3b5baece345fc08"
url = "https://github.com/jj-vcs/jj/releases/download/v0.46.0/jj-v0.46.0-x86_64-unknown-linux-musl.tar.gz"
url_api = "https://api.github.com/repos/jj-vcs/jj/releases/assets/619869961"

[tools.jj."platforms.macos-arm64"]
checksum = "sha256:43daa37ce0f9716cdf6fb65a29cbcae74a3160aef048cf3cb3d166d41cb4ab58"
url = "https://github.com/jj-vcs/jj/releases/download/v0.46.0/jj-v0.46.0-aarch64-apple-darwin.tar.gz"
url_api = "https://api.github.com/repos/jj-vcs/jj/releases/assets/619877551"

[tools.jj."platforms.macos-x64"]
checksum = "sha256:10d941de276c7c5074ef5d395312813b4575f4ce92cb9c0b05738efb90bd3b60"
url = "https://github.com/jj-vcs/jj/releases/download/v0.46.0/jj-v0.46.0-x86_64-apple-darwin.tar.gz"
url_api = "https://api.github.com/repos/jj-vcs/jj/releases/assets/619877508"

[tools.jj."platforms.windows-x64"]
checksum = "sha256:c42316b10df04611bc65029a18bcb2d92636edddb6871d511f7bb4233e999b83"
url = "https://github.com/jj-vcs/jj/releases/download/v0.46.0/jj-v0.46.0-x86_64-pc-windows-msvc.zip"
url_api = "https://api.github.com/repos/jj-vcs/jj/releases/assets/619879226"

[[tools.yt-dlp]]
version = "2026.08.19"
backend = "github:yt-dlp/yt-dlp"
specifiers = ["latest"]

[tools.yt-dlp."platforms.linux-arm64"]
checksum = "sha256:4e27ad43f3a34bacffd078694eb3edbb4e3b378e7da44edab2be02e98555516e"
url = "https://github.com/yt-dlp/yt-dlp/releases/download/2026.08.19/yt-dlp_linux_aarch64.zip"
url_api = "https://api.github.com/repos/yt-dlp/yt-dlp/releases/assets/521488873"
provenance = "github-attestations"

[tools.yt-dlp."platforms.linux-arm64-musl"]
checksum = "sha256:46087f4965f48612d056c6e4b00a0898e8230ba90d709a0a751c7cc5735a1da3"
url = "https://github.com/yt-dlp/yt-dlp/releases/download/2026.08.19/yt-dlp_musllinux_aarch64.zip"
url_api = "https://api.github.com/repos/yt-dlp/yt-dlp/releases/assets/521488908"
provenance = "github-attestations"

[tools.yt-dlp."platforms.linux-x64"]
checksum = "sha256:32e72032766bef9199d99d15beb69fd52e46df8f8b06f0d8745db59e04d339e9"
url = "https://github.com/yt-dlp/yt-dlp/releases/download/2026.08.19/yt-dlp_linux.zip"
url_api = "https://api.github.com/repos/yt-dlp/yt-dlp/releases/assets/521488862"
provenance = "github-attestations"

[tools.yt-dlp."platforms.linux-x64-musl"]
checksum = "sha256:a8a9761628be455368db73ab54a2858da22342084f300f7e0d50bdcbef2acf82"
url = "https://github.com/yt-dlp/yt-dlp/releases/download/2026.08.19/yt-dlp_musllinux.zip"
url_api = "https://api.github.com/repos/yt-dlp/yt-dlp/releases/assets/521488901"
provenance = "github-attestations"

[tools.yt-dlp."platforms.macos-arm64"]
checksum = "sha256:07e54b0865303c864006925913bce2604f8ee8cc6f18699bac9c309f9328a6d8"
url = "https://github.com/yt-dlp/yt-dlp/releases/download/2026.08.19/yt-dlp_macos.zip"
url_api = "https://api.github.com/repos/yt-dlp/yt-dlp/releases/assets/521488891"
provenance = "github-attestations"
provenance_verified = true

[tools.yt-dlp."platforms.macos-x64"]
checksum = "sha256:07e54b0865303c864006925913bce2604f8ee8cc6f18699bac9c309f9328a6d8"
url = "https://github.com/yt-dlp/yt-dlp/releases/download/2026.08.19/yt-dlp_macos.zip"
url_api = "https://api.github.com/repos/yt-dlp/yt-dlp/releases/assets/521488891"
provenance = "github-attestations"

[tools.yt-dlp."platforms.windows-x64"]
checksum = "sha256:dc7c11f014af67f23d9fd989868048abedbce01709ff642a29eb3f7578b802f7"
url = "https://github.com/yt-dlp/yt-dlp/releases/download/2026.08.19/yt-dlp_win_x86.zip"
url_api = "https://api.github.com/repos/yt-dlp/yt-dlp/releases/assets/521488967"
provenance = "github-attestations"
