# @generated - this file is auto-generated by `mise lock` https://mise.jdx.dev/dev-tools/mise-lock.html

lockfile_version = 1

[[tools.claude]]
version = "2.1.287"
backend = "aqua:anthropics/claude-code"
specifiers = ["latest"]

[tools.claude."platforms.linux-arm64"]
checksum = "sha256:9b1f2996166948602b399cea6c11a654f52ac3b38c27142dfa4e6420e57eb3bd"
url = "https://github.com/anthropics/claude-code/releases/download/v2.1.287/claude-linux-arm64.tar.gz"
url_api = "https://api.github.com/repos/anthropics/claude-code/releases/assets/603710525"

[tools.claude."platforms.linux-arm64-musl"]
checksum = "sha256:6b52a82507e5a71e21fc1e70b63bad4cb4d939b41218cc0d40779058837e914a"
url = "https://github.com/anthropics/claude-code/releases/download/v2.1.287/claude-linux-arm64-musl.tar.gz"
url_api = "https://api.github.com/repos/anthropics/claude-code/releases/assets/603710527"

[tools.claude."platforms.linux-x64"]
checksum = "sha256:627e578d436ebc12daf059c0379dee23f77c761fb7d2ad5de82645dc29b24372"
url = "https://github.com/anthropics/claude-code/releases/download/v2.1.287/claude-linux-x64.tar.gz"
url_api = "https://api.github.com/repos/anthropics/claude-code/releases/assets/603710749"

[tools.claude."platforms.linux-x64-musl"]
checksum = "sha256:f6457822fa75fb2246031b30b2b68c0126ded7e3c5437c77ba8616f34493c35b"
url = "https://github.com/anthropics/claude-code/releases/download/v2.1.287/claude-linux-x64-musl.tar.gz"
url_api = "https://api.github.com/repos/anthropics/claude-code/releases/assets/603710523"

[tools.claude."platforms.macos-arm64"]
checksum = "sha256:43b83e4bf099f47efe590c8da0db43b33109c558ae81b8d1c7b1d024db86d6ef"
url = "https://github.com/anthropics/claude-code/releases/download/v2.1.287/claude-darwin-arm64.tar.gz"
url_api = "https://api.github.com/repos/anthropics/claude-code/releases/assets/603710526"

[tools.claude."platforms.macos-x64"]
checksum = "sha256:7a33c480c439702c7cb28c4614fc9178f3b08d18038472b74a8fb939570b092f"
url = "https://github.com/anthropics/claude-code/releases/download/v2.1.287/claude-darwin-x64.tar.gz"
url_api = "https://api.github.com/repos/anthropics/claude-code/releases/assets/603710528"

[tools.claude."platforms.windows-x64"]
checksum = "sha256:3efef62507373b63f98ad3939cdf2c486ad6c18ad250912b994acc104699a14e"
url = "https://github.com/anthropics/claude-code/releases/download/v2.1.287/claude-win32-x64.zip"
url_api = "https://api.github.com/repos/anthropics/claude-code/releases/assets/603710771"
