# @generated - this file is auto-generated by `mise lock` https://mise.jdx.dev/dev-tools/mise-lock.html

lockfile_version = 1

[[tools."github:can1357/oh-my-pi"]]
version = "18.4.9"
backend = "github:can1357/oh-my-pi"
specifiers = ["latest"]

[tools."github:can1357/oh-my-pi"."platforms.linux-arm64"]
checksum = "sha256:c86ac994dd9a99b1f8df28b85c9ccc909c81f64c68f9e30039ee980a05308438"
url = "https://github.com/can1357/oh-my-pi/releases/download/v18.4.9/omp-linux-arm64"
url_api = "https://api.github.com/repos/can1357/oh-my-pi/releases/assets/603471273"

[tools."github:can1357/oh-my-pi"."platforms.linux-arm64-musl"]
checksum = "sha256:707d68bdd89dec22b3b0bf6c4a25987a390abb35c210b73c2ce0de38e804e0de"
url = "https://github.com/can1357/oh-my-pi/releases/download/v18.4.9/omp-linux-musl-arm64"
url_api = "https://api.github.com/repos/can1357/oh-my-pi/releases/assets/603471264"

[tools."github:can1357/oh-my-pi"."platforms.linux-x64"]
checksum = "sha256:fe1ec455e3aa4536efc8e28b1023113de94b97e7dd68c726964dadeb488a1753"
url = "https://github.com/can1357/oh-my-pi/releases/download/v18.4.9/omp-linux-x64"
url_api = "https://api.github.com/repos/can1357/oh-my-pi/releases/assets/603471263"

[tools."github:can1357/oh-my-pi"."platforms.linux-x64-musl"]
checksum = "sha256:c93532eb4f1152fa13693930d842ef43ebf9e5b470bc0e2063bbad5033e76af7"
url = "https://github.com/can1357/oh-my-pi/releases/download/v18.4.9/omp-linux-musl-x64"
url_api = "https://api.github.com/repos/can1357/oh-my-pi/releases/assets/603471265"

[tools."github:can1357/oh-my-pi"."platforms.macos-arm64"]
checksum = "sha256:88c8ff6734bd62b9fe65004f265218eed8e5b8695e64da1172587f5aeb468681"
url = "https://github.com/can1357/oh-my-pi/releases/download/v18.4.9/omp-darwin-arm64"
url_api = "https://api.github.com/repos/can1357/oh-my-pi/releases/assets/603471268"

[tools."github:can1357/oh-my-pi"."platforms.macos-x64"]
checksum = "sha256:ac5b866d8e6f380836cc77c92253d6596e4b67932a95d02bd55a3ebc8c5c3845"
url = "https://github.com/can1357/oh-my-pi/releases/download/v18.4.9/omp-darwin-x64"
url_api = "https://api.github.com/repos/can1357/oh-my-pi/releases/assets/603471267"

[tools."github:can1357/oh-my-pi"."platforms.windows-x64"]
checksum = "sha256:991348ba6dfec66a907cc42f8dec868029db906ba40910a566f63f659bdeede5"
url = "https://github.com/can1357/oh-my-pi/releases/download/v18.4.9/omp-windows-x64.exe"
url_api = "https://api.github.com/repos/can1357/oh-my-pi/releases/assets/603471274"

[[tools."github:pmdroid/acpbot"]]
version = "0.4.0"
backend = "github:pmdroid/acpbot"
specifiers = ["latest"]

[tools."github:pmdroid/acpbot"."platforms.linux-arm64"]
checksum = "sha256:7b2d40915af20f096bb07a308280aa993d368f38aa16f84b7368f0f7cf487dc1"
url = "https://github.com/pmdroid/acpbot/releases/download/v0.4.0/acpbot-v0.4.0-linux-arm64.tar.gz"
url_api = "https://api.github.com/repos/pmdroid/acpbot/releases/assets/543819188"

[tools."github:pmdroid/acpbot"."platforms.linux-arm64-musl"]
checksum = "sha256:7b2d40915af20f096bb07a308280aa993d368f38aa16f84b7368f0f7cf487dc1"
url = "https://github.com/pmdroid/acpbot/releases/download/v0.4.0/acpbot-v0.4.0-linux-arm64.tar.gz"
url_api = "https://api.github.com/repos/pmdroid/acpbot/releases/assets/543819188"

[tools."github:pmdroid/acpbot"."platforms.linux-x64"]
checksum = "sha256:940c181d1c3a89e1ad6780887d21fe9a8fdd684aa22d1101d6920d3ce86eba65"
url = "https://github.com/pmdroid/acpbot/releases/download/v0.4.0/acpbot-v0.4.0-linux-x64.tar.gz"
url_api = "https://api.github.com/repos/pmdroid/acpbot/releases/assets/543819186"

[tools."github:pmdroid/acpbot"."platforms.linux-x64-musl"]
checksum = "sha256:940c181d1c3a89e1ad6780887d21fe9a8fdd684aa22d1101d6920d3ce86eba65"
url = "https://github.com/pmdroid/acpbot/releases/download/v0.4.0/acpbot-v0.4.0-linux-x64.tar.gz"
url_api = "https://api.github.com/repos/pmdroid/acpbot/releases/assets/543819186"

[tools."github:pmdroid/acpbot"."platforms.macos-arm64"]
checksum = "sha256:cab3a8c6e9247f03f92c4522b69c87b152214a75b63adc3292fae7945841226c"
url = "https://github.com/pmdroid/acpbot/releases/download/v0.4.0/acpbot-v0.4.0-darwin-arm64.tar.gz"
url_api = "https://api.github.com/repos/pmdroid/acpbot/releases/assets/543814085"

[tools."github:pmdroid/acpbot"."platforms.macos-x64"]
checksum = "sha256:84c0e85c6c17408c51ac7f6a414f44e22eda61cc5687be05ac5ae52cacfd06a9"
url = "https://github.com/pmdroid/acpbot/releases/download/v0.4.0/acpbot-v0.4.0-darwin-x64.tar.gz"
url_api = "https://api.github.com/repos/pmdroid/acpbot/releases/assets/543814083"
