# @generated - this file is auto-generated by `mise lock` https://mise.jdx.dev/dev-tools/mise-lock.html

lockfile_version = 1

[[tools."aqua:openai/codex"]]
version = "0.154.0"
backend = "aqua:openai/codex"
specifiers = ["latest"]

[tools."aqua:openai/codex"."platforms.linux-arm64"]
checksum = "sha256:97d93e11df72d3c26772db019e6ea8bb72c246500d46b98c760839f3240355e6"
url = "https://github.com/openai/codex/releases/download/rust-v0.154.0/codex-package-aarch64-unknown-linux-musl.tar.gz"
url_api = "https://api.github.com/repos/openai/codex/releases/assets/553706520"

[tools."aqua:openai/codex"."platforms.linux-arm64-musl"]
checksum = "sha256:97d93e11df72d3c26772db019e6ea8bb72c246500d46b98c760839f3240355e6"
url = "https://github.com/openai/codex/releases/download/rust-v0.154.0/codex-package-aarch64-unknown-linux-musl.tar.gz"
url_api = "https://api.github.com/repos/openai/codex/releases/assets/553706520"

[tools."aqua:openai/codex"."platforms.linux-x64"]
checksum = "sha256:fc6e3e3b85f2cf7d664520ee5c66a7fe4aa12bae7d46834f47e2f165fd0d6f78"
url = "https://github.com/openai/codex/releases/download/rust-v0.154.0/codex-package-x86_64-unknown-linux-musl.tar.gz"
url_api = "https://api.github.com/repos/openai/codex/releases/assets/553706441"

[tools."aqua:openai/codex"."platforms.linux-x64-musl"]
checksum = "sha256:fc6e3e3b85f2cf7d664520ee5c66a7fe4aa12bae7d46834f47e2f165fd0d6f78"
url = "https://github.com/openai/codex/releases/download/rust-v0.154.0/codex-package-x86_64-unknown-linux-musl.tar.gz"
url_api = "https://api.github.com/repos/openai/codex/releases/assets/553706441"

[tools."aqua:openai/codex"."platforms.macos-arm64"]
checksum = "sha256:427ca74c027049e0cd1a330d611e7f8d1fe0f1eb6a6d85ac16f61bcf2cb4a485"
url = "https://github.com/openai/codex/releases/download/rust-v0.154.0/codex-package-aarch64-apple-darwin.tar.gz"
url_api = "https://api.github.com/repos/openai/codex/releases/assets/553706558"

[tools."aqua:openai/codex"."platforms.macos-x64"]
checksum = "sha256:8052c6accbe0361bfbd424a10aa5f2226636ed8afb6dcbd5e6437993e57b16d8"
url = "https://github.com/openai/codex/releases/download/rust-v0.154.0/codex-package-x86_64-apple-darwin.tar.gz"
url_api = "https://api.github.com/repos/openai/codex/releases/assets/553706471"

[tools."aqua:openai/codex"."platforms.windows-x64"]
checksum = "sha256:94cc5b3632769504c809f6c0364b693c0dfddc5c30c8361095d2263a07ac45a4"
url = "https://github.com/openai/codex/releases/download/rust-v0.154.0/codex-package-x86_64-pc-windows-msvc.tar.gz"
url_api = "https://api.github.com/repos/openai/codex/releases/assets/553706571"

[[tools."github:can1357/oh-my-pi"]]
version = "18.1.16"
backend = "github:can1357/oh-my-pi"
specifiers = ["latest"]

[tools."github:can1357/oh-my-pi"."platforms.linux-arm64"]
checksum = "sha256:d8612389c7af3cf3b69609c9149bff3cf07dcb65774b231d9dc4966b176b9720"
url = "https://github.com/can1357/oh-my-pi/releases/download/v18.1.16/omp-linux-arm64"
url_api = "https://api.github.com/repos/can1357/oh-my-pi/releases/assets/553389400"

[tools."github:can1357/oh-my-pi"."platforms.linux-arm64-musl"]
checksum = "sha256:f219439bc19ad95d0ee9caa595bae16ab309015b3b2561fe184cc9b7207b6736"
url = "https://github.com/can1357/oh-my-pi/releases/download/v18.1.16/omp-linux-musl-arm64"
url_api = "https://api.github.com/repos/can1357/oh-my-pi/releases/assets/553389389"

[tools."github:can1357/oh-my-pi"."platforms.linux-x64"]
checksum = "sha256:efebefb74359d20362e07341f01a65fc0a259e7bc79454ef08b0ebf5232ab897"
url = "https://github.com/can1357/oh-my-pi/releases/download/v18.1.16/omp-linux-x64"
url_api = "https://api.github.com/repos/can1357/oh-my-pi/releases/assets/553389401"

[tools."github:can1357/oh-my-pi"."platforms.linux-x64-musl"]
checksum = "sha256:73eeef0bf5a42b80bb5e6f1251ddbe9096f0630093c78a671ec7f41ca6dcbf5d"
url = "https://github.com/can1357/oh-my-pi/releases/download/v18.1.16/omp-linux-musl-x64"
url_api = "https://api.github.com/repos/can1357/oh-my-pi/releases/assets/553389392"

[tools."github:can1357/oh-my-pi"."platforms.macos-arm64"]
checksum = "sha256:99eed6d45d984d2f13d76832f78782b9aa07862921ab4e98e2d8e31ca8129795"
url = "https://github.com/can1357/oh-my-pi/releases/download/v18.1.16/omp-darwin-arm64"
url_api = "https://api.github.com/repos/can1357/oh-my-pi/releases/assets/553389394"

[tools."github:can1357/oh-my-pi"."platforms.macos-x64"]
checksum = "sha256:78b11d4a9f5884e18589d2a8b10e328f696d5b7da1f6fe46f289bb80f55ffddf"
url = "https://github.com/can1357/oh-my-pi/releases/download/v18.1.16/omp-darwin-x64"
url_api = "https://api.github.com/repos/can1357/oh-my-pi/releases/assets/553389399"

[tools."github:can1357/oh-my-pi"."platforms.windows-x64"]
checksum = "sha256:5bfee6a757f7dcced7cd2128d15a6d717839636ce3fa82f8df167eaaab906be1"
url = "https://github.com/can1357/oh-my-pi/releases/download/v18.1.16/omp-windows-x64.exe"
url_api = "https://api.github.com/repos/can1357/oh-my-pi/releases/assets/553389396"

[[tools."github:pmdroid/acpbot"]]
version = "0.4.0"
backend = "github:pmdroid/acpbot"
specifiers = ["latest"]

[tools."github:pmdroid/acpbot"."platforms.linux-arm64"]
checksum = "sha256:7b2d40915af20f096bb07a308280aa993d368f38aa16f84b7368f0f7cf487dc1"
url = "https://github.com/pmdroid/acpbot/releases/download/v0.4.0/acpbot-v0.4.0-linux-arm64.tar.gz"
url_api = "https://api.github.com/repos/pmdroid/acpbot/releases/assets/543819188"

[tools."github:pmdroid/acpbot"."platforms.linux-arm64-musl"]
checksum = "sha256:7b2d40915af20f096bb07a308280aa993d368f38aa16f84b7368f0f7cf487dc1"
url = "https://github.com/pmdroid/acpbot/releases/download/v0.4.0/acpbot-v0.4.0-linux-arm64.tar.gz"
url_api = "https://api.github.com/repos/pmdroid/acpbot/releases/assets/543819188"

[tools."github:pmdroid/acpbot"."platforms.linux-x64"]
checksum = "sha256:940c181d1c3a89e1ad6780887d21fe9a8fdd684aa22d1101d6920d3ce86eba65"
url = "https://github.com/pmdroid/acpbot/releases/download/v0.4.0/acpbot-v0.4.0-linux-x64.tar.gz"
url_api = "https://api.github.com/repos/pmdroid/acpbot/releases/assets/543819186"

[tools."github:pmdroid/acpbot"."platforms.linux-x64-musl"]
checksum = "sha256:940c181d1c3a89e1ad6780887d21fe9a8fdd684aa22d1101d6920d3ce86eba65"
url = "https://github.com/pmdroid/acpbot/releases/download/v0.4.0/acpbot-v0.4.0-linux-x64.tar.gz"
url_api = "https://api.github.com/repos/pmdroid/acpbot/releases/assets/543819186"

[tools."github:pmdroid/acpbot"."platforms.macos-arm64"]
checksum = "sha256:cab3a8c6e9247f03f92c4522b69c87b152214a75b63adc3292fae7945841226c"
url = "https://github.com/pmdroid/acpbot/releases/download/v0.4.0/acpbot-v0.4.0-darwin-arm64.tar.gz"
url_api = "https://api.github.com/repos/pmdroid/acpbot/releases/assets/543814085"

[tools."github:pmdroid/acpbot"."platforms.macos-x64"]
checksum = "sha256:84c0e85c6c17408c51ac7f6a414f44e22eda61cc5687be05ac5ae52cacfd06a9"
url = "https://github.com/pmdroid/acpbot/releases/download/v0.4.0/acpbot-v0.4.0-darwin-x64.tar.gz"
url_api = "https://api.github.com/repos/pmdroid/acpbot/releases/assets/543814083"

[[tools.pi]]
version = "0.85.1"
backend = "aqua:earendil-works/pi"
specifiers = ["latest"]

[tools.pi."platforms.linux-arm64"]
checksum = "sha256:042d20ae885ee4f3b102815f3280b962c377b2e9fb44de4037908cc530eae4d4"
url = "https://github.com/earendil-works/pi/releases/download/v0.85.1/pi-linux-arm64.tar.gz"
url_api = "https://api.github.com/repos/earendil-works/pi/releases/assets/545797549"

[tools.pi."platforms.linux-arm64-musl"]
checksum = "sha256:042d20ae885ee4f3b102815f3280b962c377b2e9fb44de4037908cc530eae4d4"
url = "https://github.com/earendil-works/pi/releases/download/v0.85.1/pi-linux-arm64.tar.gz"
url_api = "https://api.github.com/repos/earendil-works/pi/releases/assets/545797549"

[tools.pi."platforms.linux-x64"]
checksum = "sha256:494e498f47d74d21f40b3386f6a5e921a3d49531a169cab55bbdaca0ea1fe25a"
url = "https://github.com/earendil-works/pi/releases/download/v0.85.1/pi-linux-x64.tar.gz"
url_api = "https://api.github.com/repos/earendil-works/pi/releases/assets/545797547"

[tools.pi."platforms.linux-x64-musl"]
checksum = "sha256:494e498f47d74d21f40b3386f6a5e921a3d49531a169cab55bbdaca0ea1fe25a"
url = "https://github.com/earendil-works/pi/releases/download/v0.85.1/pi-linux-x64.tar.gz"
url_api = "https://api.github.com/repos/earendil-works/pi/releases/assets/545797547"

[tools.pi."platforms.macos-arm64"]
checksum = "sha256:d5f70e3c0cf7398eac239fd0261ee074d98b7ba7f6b43fe3617f052ed5b79d06"
url = "https://github.com/earendil-works/pi/releases/download/v0.85.1/pi-darwin-arm64.tar.gz"
url_api = "https://api.github.com/repos/earendil-works/pi/releases/assets/545797550"

[tools.pi."platforms.macos-x64"]
checksum = "sha256:adb918b845625f184d8bea408d55eacaf21aa87238793c0f5b4f3b9737bce62b"
url = "https://github.com/earendil-works/pi/releases/download/v0.85.1/pi-darwin-x64.tar.gz"
url_api = "https://api.github.com/repos/earendil-works/pi/releases/assets/545797548"

[tools.pi."platforms.windows-x64"]
checksum = "sha256:002fa95b90d521245b9985d8f168caebc237ad56e7e30b319807dee1b2e17e1c"
url = "https://github.com/earendil-works/pi/releases/download/v0.85.1/pi-windows-x64.zip"
url_api = "https://api.github.com/repos/earendil-works/pi/releases/assets/545797560"
