# @generated - this file is auto-generated by `mise lock` https://mise.jdx.dev/dev-tools/mise-lock.html

lockfile_version = 1

[[tools."aqua:apple/container"]]
version = "1.5.0"
backend = "aqua:apple/container"
specifiers = ["latest"]

[tools."aqua:apple/container"."platforms.macos-arm64"]
checksum = "sha256:a24808cb202318fa1c3bbee0c6c6887fe1225fe899d7b687a0ddd939bd6573f8"
url = "https://github.com/apple/container/releases/download/1.5.0/container-1.5.0-installer-signed.pkg"
url_api = "https://api.github.com/repos/apple/container/releases/assets/597136570"
