# @generated - this file is auto-generated by `mise lock` https://mise.jdx.dev/dev-tools/mise-lock.html

lockfile_version = 1

[[tools."github:can1357/oh-my-pi"]]
version = "18.4.5"
backend = "github:can1357/oh-my-pi"
specifiers = ["latest"]

[tools."github:can1357/oh-my-pi"."platforms.linux-arm64"]
checksum = "sha256:3dcf6a7f847b8c2f7bc5294c52a09151e858578ae3610655b82bf97ffa120a72"
url = "https://github.com/can1357/oh-my-pi/releases/download/v18.4.5/omp-linux-arm64"
url_api = "https://api.github.com/repos/can1357/oh-my-pi/releases/assets/601615728"

[tools."github:can1357/oh-my-pi"."platforms.linux-arm64-musl"]
checksum = "sha256:1f4eb56f9e671d59b402224718c380cda77f52671d54a24de5c9d7fd148ca26c"
url = "https://github.com/can1357/oh-my-pi/releases/download/v18.4.5/omp-linux-musl-arm64"
url_api = "https://api.github.com/repos/can1357/oh-my-pi/releases/assets/601615733"

[tools."github:can1357/oh-my-pi"."platforms.linux-x64"]
checksum = "sha256:42c710239b3fc30b9759424f973c6c143709935d5752be7eec8d7b011f40d864"
url = "https://github.com/can1357/oh-my-pi/releases/download/v18.4.5/omp-linux-x64"
url_api = "https://api.github.com/repos/can1357/oh-my-pi/releases/assets/601615730"

[tools."github:can1357/oh-my-pi"."platforms.linux-x64-musl"]
checksum = "sha256:1e4a1c4d7ad624181f269d357f4961d3f619107ccac9ed1f894310fa4a7c3f93"
url = "https://github.com/can1357/oh-my-pi/releases/download/v18.4.5/omp-linux-musl-x64"
url_api = "https://api.github.com/repos/can1357/oh-my-pi/releases/assets/601615729"

[tools."github:can1357/oh-my-pi"."platforms.macos-arm64"]
checksum = "sha256:64f5d0a99a2c5b5d9b453a7666257306244ac4c6fd8fdbe0e760bf3449fc8ea6"
url = "https://github.com/can1357/oh-my-pi/releases/download/v18.4.5/omp-darwin-arm64"
url_api = "https://api.github.com/repos/can1357/oh-my-pi/releases/assets/601615741"

[tools."github:can1357/oh-my-pi"."platforms.macos-x64"]
checksum = "sha256:823cdd2202cbe336908c0d7a4add4cb063048e000fa9b2083b8576755d1c2523"
url = "https://github.com/can1357/oh-my-pi/releases/download/v18.4.5/omp-darwin-x64"
url_api = "https://api.github.com/repos/can1357/oh-my-pi/releases/assets/601615740"

[tools."github:can1357/oh-my-pi"."platforms.windows-x64"]
checksum = "sha256:9ce6f832f024afe7d5e1c3ab6fb63ca92c906d688e7262a293be1d7302849915"
url = "https://github.com/can1357/oh-my-pi/releases/download/v18.4.5/omp-windows-x64.exe"
url_api = "https://api.github.com/repos/can1357/oh-my-pi/releases/assets/601615731"

